<?xml version="1.0" encoding="utf-8"?>
<Project ToolsVersion="4.0" xmlns="http://schemas.microsoft.com/developer/msbuild/2003">
  <ItemGroup>
    <Filter Include="Source Files">
      <UniqueIdentifier>{4FC737F1-C7A5-4376-A066-2A32D752A2FF}</UniqueIdentifier>
      <Extensions>cpp;c;cc;cxx;def;odl;idl;hpj;bat;asm;asmx</Extensions>
    </Filter>
    <Filter Include="Header Files">
      <UniqueIdentifier>{93995380-89BD-4b04-88EB-625FBE52EBFB}</UniqueIdentifier>
      <Extensions>h;hh;hpp;hxx;hm;inl;inc;xsd</Extensions>
    </Filter>
    <Filter Include="Resource Files">
      <UniqueIdentifier>{67DA6AB6-F800-4c08-8B7A-83BB121AAD01}</UniqueIdentifier>
      <Extensions>rc;ico;cur;bmp;dlg;rc2;rct;bin;rgs;gif;jpg;jpeg;jpe;resx;tiff;tif;png;wav;mfcribbon-ms</Extensions>
    </Filter>
    <Filter Include="Source Files\Detection">
      <UniqueIdentifier>{a5e9f9c2-ae4e-4a50-98e0-9fbd3e09f942}</UniqueIdentifier>
    </Filter>
    <Filter Include="Source Files\Detection\Ability Manager">
      <UniqueIdentifier>{5bb49f4f-967f-4b97-addf-64737b90759b}</UniqueIdentifier>
    </Filter>
    <Filter Include="Source Files\Detection\Allies">
      <UniqueIdentifier>{3bc8a999-a898-4f65-9866-4460a524925a}</UniqueIdentifier>
    </Filter>
    <Filter Include="Source Files\Detection\Enemies">
      <UniqueIdentifier>{e4cc74a8-6d88-41be-aa41-06f2cc0ceda0}</UniqueIdentifier>
    </Filter>
    <Filter Include="Source Files\Detection\Item Manager">
      <UniqueIdentifier>{e3527709-4783-4617-8285-53963576c235}</UniqueIdentifier>
    </Filter>
    <Filter Include="Source Files\Detection\Map Manager">
      <UniqueIdentifier>{efeca2d5-e44e-475e-a521-23bba0d886e0}</UniqueIdentifier>
    </Filter>
    <Filter Include="Source Files\Detection\Objects">
      <UniqueIdentifier>{f54752df-3b7e-49f6-8d67-837363f6dd1f}</UniqueIdentifier>
    </Filter>
    <Filter Include="Source Files\Detection\Shop Manager">
      <UniqueIdentifier>{59eb430d-9e3e-4754-88b9-cd6dcab23159}</UniqueIdentifier>
    </Filter>
    <Filter Include="Source Files\Detection\Surrender Manager">
      <UniqueIdentifier>{de28ce3e-e0f2-4814-a1f5-358d85e0f0eb}</UniqueIdentifier>
    </Filter>
  </ItemGroup>
  <ItemGroup>
    <ClCompile Include="Source.cpp">
      <Filter>Source Files</Filter>
    </ClCompile>
    <ClCompile Include="Detection\DetectionManager.cpp">
      <Filter>Source Files\Detection</Filter>
    </ClCompile>
    <ClCompile Include="Detection\Ability Manager\AbilityManager.cpp">
      <Filter>Source Files\Detection\Ability Manager</Filter>
    </ClCompile>
    <ClCompile Include="Detection\Allies\AllyChampionManager.cpp">
      <Filter>Source Files\Detection\Allies</Filter>
    </ClCompile>
    <ClCompile Include="Detection\Allies\AllyMinionManager.cpp">
      <Filter>Source Files\Detection\Allies</Filter>
    </ClCompile>
    <ClCompile Include="Detection\Allies\SelfChampionManager.cpp">
      <Filter>Source Files\Detection\Allies</Filter>
    </ClCompile>
    <ClCompile Include="Detection\Enemies\EnemyChampionManager.cpp">
      <Filter>Source Files\Detection\Enemies</Filter>
    </ClCompile>
    <ClCompile Include="Detection\Enemies\EnemyMinionManager.cpp">
      <Filter>Source Files\Detection\Enemies</Filter>
    </ClCompile>
    <ClCompile Include="Detection\Enemies\EnemyTowerManager.cpp">
      <Filter>Source Files\Detection\Enemies</Filter>
    </ClCompile>
    <ClCompile Include="Detection\Item Manager\ItemManager.cpp">
      <Filter>Source Files\Detection\Item Manager</Filter>
    </ClCompile>
    <ClCompile Include="Detection\Map Manager\MapManager.cpp">
      <Filter>Source Files\Detection\Map Manager</Filter>
    </ClCompile>
    <ClCompile Include="Detection\Objects\Champion.cpp">
      <Filter>Source Files\Detection\Objects</Filter>
    </ClCompile>
    <ClCompile Include="Detection\Objects\GenericObject.cpp">
      <Filter>Source Files\Detection\Objects</Filter>
    </ClCompile>
    <ClCompile Include="Detection\Objects\Minion.cpp">
      <Filter>Source Files\Detection\Objects</Filter>
    </ClCompile>
    <ClCompile Include="Detection\Objects\SelfHealth.cpp">
      <Filter>Source Files\Detection\Objects</Filter>
    </ClCompile>
    <ClCompile Include="Detection\Objects\Tower.cpp">
      <Filter>Source Files\Detection\Objects</Filter>
    </ClCompile>
    <ClCompile Include="Detection\Shop Manager\ShopManager.cpp">
      <Filter>Source Files\Detection\Shop Manager</Filter>
    </ClCompile>
    <ClCompile Include="Detection\Surrender Manager\SurrenderManager.cpp">
      <Filter>Source Files\Detection\Surrender Manager</Filter>
    </ClCompile>
  </ItemGroup>
  <ItemGroup>
    <ClInclude Include="Utility.h">
      <Filter>Source Files</Filter>
    </ClInclude>
    <ClInclude Include="Detection\DetectionManager.h">
      <Filter>Source Files\Detection</Filter>
    </ClInclude>
    <ClInclude Include="Detection\Ability Manager\AbilityManager.h">
      <Filter>Source Files\Detection\Ability Manager</Filter>
    </ClInclude>
    <ClInclude Include="Detection\Allies\AllyChampionManager.h">
      <Filter>Source Files\Detection\Allies</Filter>
    </ClInclude>
    <ClInclude Include="Detection\Allies\AllyMinionManager.h">
      <Filter>Source Files\Detection\Allies</Filter>
    </ClInclude>
    <ClInclude Include="Detection\Allies\SelfChampionManager.h">
      <Filter>Source Files\Detection\Allies</Filter>
    </ClInclude>
    <ClInclude Include="Detection\Enemies\EnemyChampionManager.h">
      <Filter>Source Files\Detection\Enemies</Filter>
    </ClInclude>
    <ClInclude Include="Detection\Enemies\EnemyMinionManager.h">
      <Filter>Source Files\Detection\Enemies</Filter>
    </ClInclude>
    <ClInclude Include="Detection\Enemies\EnemyTowerManager.h">
      <Filter>Source Files\Detection\Enemies</Filter>
    </ClInclude>
    <ClInclude Include="Detection\Item Manager\ItemManager.h">
      <Filter>Source Files\Detection\Item Manager</Filter>
    </ClInclude>
    <ClInclude Include="Detection\Map Manager\MapManager.h">
      <Filter>Source Files\Detection\Map Manager</Filter>
    </ClInclude>
    <ClInclude Include="Detection\Objects\Champion.h">
      <Filter>Source Files\Detection\Objects</Filter>
    </ClInclude>
    <ClInclude Include="Detection\Objects\GenericObject.h">
      <Filter>Source Files\Detection\Objects</Filter>
    </ClInclude>
    <ClInclude Include="Detection\Objects\Minion.h">
      <Filter>Source Files\Detection\Objects</Filter>
    </ClInclude>
    <ClInclude Include="Detection\Objects\Position.h">
      <Filter>Source Files\Detection\Objects</Filter>
    </ClInclude>
    <ClInclude Include="Detection\Objects\SelfHealth.h">
      <Filter>Source Files\Detection\Objects</Filter>
    </ClInclude>
    <ClInclude Include="Detection\Objects\Tower.h">
      <Filter>Source Files\Detection\Objects</Filter>
    </ClInclude>
    <ClInclude Include="Detection\Shop Manager\ShopManager.h">
      <Filter>Source Files\Detection\Shop Manager</Filter>
    </ClInclude>
    <ClInclude Include="Detection\Surrender Manager\SurrenderManager.h">
      <Filter>Source Files\Detection\Surrender Manager</Filter>
    </ClInclude>
    <ClInclude Include="DetectionData.h">
      <Filter>Source Files\Detection</Filter>
    </ClInclude>
  </ItemGroup>
</Project>